
Microsoft Visual Studio Solution File, Format Version 12.00
# Visual Studio Version 16
VisualStudioVersion = 16.0.30413.136
MinimumVisualStudioVersion = 10.0.40219.1
Project("{FAE04EC0-301F-11D3-BF4B-00C04F79EFBC}") = "HMOSystem", "HMOSystem\HMOSystem.csproj", "{B596587A-7A3D-45BE-B935-7860108CF81E}"
EndProject
Project("{FAE04EC0-301F-11D3-BF4B-00C04F79EFBC}") = "HMO.BL.BE", "HMO.BL.BE\HMO.BL.BE.csproj", "{6045DD87-937A-4FD5-8512-25A87F0A26E1}"
EndProject
Project("{FAE04EC0-301F-11D3-BF4B-00C04F79EFBC}") = "HMO.DAL", "HMO.DAL\HMO.DAL.csproj", "{65879648-F034-4374-B256-00B22A9415B1}"
EndProject
Project("{FAE04EC0-301F-11D3-BF4B-00C04F79EFBC}") = "HMO.BL", "HMO.BL\HMO.BL.csproj", "{2056CAE5-B408-4CAB-9CD2-A5E25ABECD74}"
EndProject
Global
	GlobalSection(SolutionConfigurationPlatforms) = preSolution
		Debug|Any CPU = Debug|Any CPU
		Release|Any CPU = Release|Any CPU
	EndGlobalSection
	GlobalSection(ProjectConfigurationPlatforms) = postSolution
		{B596587A-7A3D-45BE-B935-7860108CF81E}.Debug|Any CPU.ActiveCfg = Debug|Any CPU
		{B596587A-7A3D-45BE-B935-7860108CF81E}.Debug|Any CPU.Build.0 = Debug|Any CPU
		{B596587A-7A3D-45BE-B935-7860108CF81E}.Release|Any CPU.ActiveCfg = Release|Any CPU
		{B596587A-7A3D-45BE-B935-7860108CF81E}.Release|Any CPU.Build.0 = Release|Any CPU
		{6045DD87-937A-4FD5-8512-25A87F0A26E1}.Debug|Any CPU.ActiveCfg = Debug|Any CPU
		{6045DD87-937A-4FD5-8512-25A87F0A26E1}.Debug|Any CPU.Build.0 = Debug|Any CPU
		{6045DD87-937A-4FD5-8512-25A87F0A26E1}.Release|Any CPU.ActiveCfg = Release|Any CPU
		{6045DD87-937A-4FD5-8512-25A87F0A26E1}.Release|Any CPU.Build.0 = Release|Any CPU
		{65879648-F034-4374-B256-00B22A9415B1}.Debug|Any CPU.ActiveCfg = Debug|Any CPU
		{65879648-F034-4374-B256-00B22A9415B1}.Debug|Any CPU.Build.0 = Debug|Any CPU
		{65879648-F034-4374-B256-00B22A9415B1}.Release|Any CPU.ActiveCfg = Release|Any CPU
		{65879648-F034-4374-B256-00B22A9415B1}.Release|Any CPU.Build.0 = Release|Any CPU
		{2056CAE5-B408-4CAB-9CD2-A5E25ABECD74}.Debug|Any CPU.ActiveCfg = Debug|Any CPU
		{2056CAE5-B408-4CAB-9CD2-A5E25ABECD74}.Debug|Any CPU.Build.0 = Debug|Any CPU
		{2056CAE5-B408-4CAB-9CD2-A5E25ABECD74}.Release|Any CPU.ActiveCfg = Release|Any CPU
		{2056CAE5-B408-4CAB-9CD2-A5E25ABECD74}.Release|Any CPU.Build.0 = Release|Any CPU
	EndGlobalSection
	GlobalSection(SolutionProperties) = preSolution
		HideSolutionNode = FALSE
	EndGlobalSection
	GlobalSection(ExtensibilityGlobals) = postSolution
		SolutionGuid = {16D64188-A6D0-4C10-B996-8586AC4E33E8}
	EndGlobalSection
EndGlobal
